
Microsoft Visual Studio Solution File, Format Version 12.00
# Visual Studio Version 17
VisualStudioVersion = 17.9.34622.214
MinimumVisualStudioVersion = 10.0.40219.1
Project("{FAE04EC0-301F-11D3-BF4B-00C04F79EFBC}") = "SomaDoisNumeros", "SomaDoisNumeros\SomaDoisNumeros.csproj", "{C9E6F6FA-1DB6-4FDA-A4E3-E56AC75907AE}"
EndProject
Global
	GlobalSection(SolutionConfigurationPlatforms) = preSolution
		Debug|Any CPU = Debug|Any CPU
		Release|Any CPU = Release|Any CPU
	EndGlobalSection
	GlobalSection(ProjectConfigurationPlatforms) = postSolution
		{C9E6F6FA-1DB6-4FDA-A4E3-E56AC75907AE}.Debug|Any CPU.ActiveCfg = Debug|Any CPU
		{C9E6F6FA-1DB6-4FDA-A4E3-E56AC75907AE}.Debug|Any CPU.Build.0 = Debug|Any CPU
		{C9E6F6FA-1DB6-4FDA-A4E3-E56AC75907AE}.Release|Any CPU.ActiveCfg = Release|Any CPU
		{C9E6F6FA-1DB6-4FDA-A4E3-E56AC75907AE}.Release|Any CPU.Build.0 = Release|Any CPU
	EndGlobalSection
	GlobalSection(SolutionProperties) = preSolution
		HideSolutionNode = FALSE
	EndGlobalSection
	GlobalSection(ExtensibilityGlobals) = postSolution
		SolutionGuid = {13D64770-520D-4950-901A-B90F6AE54F17}
	EndGlobalSection
EndGlobal
