
Microsoft Visual Studio Solution File, Format Version 12.00
# Visual Studio Version 17
VisualStudioVersion = 17.9.34622.214
MinimumVisualStudioVersion = 10.0.40219.1
Project("{FAE04EC0-301F-11D3-BF4B-00C04F79EFBC}") = "MetrosMilimetros", "MetrosMilimetros\MetrosMilimetros.csproj", "{DF7FEA04-BDB6-46D9-BD02-75A9C4752249}"
EndProject
Global
	GlobalSection(SolutionConfigurationPlatforms) = preSolution
		Debug|Any CPU = Debug|Any CPU
		Release|Any CPU = Release|Any CPU
	EndGlobalSection
	GlobalSection(ProjectConfigurationPlatforms) = postSolution
		{DF7FEA04-BDB6-46D9-BD02-75A9C4752249}.Debug|Any CPU.ActiveCfg = Debug|Any CPU
		{DF7FEA04-BDB6-46D9-BD02-75A9C4752249}.Debug|Any CPU.Build.0 = Debug|Any CPU
		{DF7FEA04-BDB6-46D9-BD02-75A9C4752249}.Release|Any CPU.ActiveCfg = Release|Any CPU
		{DF7FEA04-BDB6-46D9-BD02-75A9C4752249}.Release|Any CPU.Build.0 = Release|Any CPU
	EndGlobalSection
	GlobalSection(SolutionProperties) = preSolution
		HideSolutionNode = FALSE
	EndGlobalSection
	GlobalSection(ExtensibilityGlobals) = postSolution
		SolutionGuid = {75905A46-F2FA-45C2-961B-D07B17574473}
	EndGlobalSection
EndGlobal
